
Microsoft Visual Studio Solution File, Format Version 12.00
# Visual Studio Version 17
VisualStudioVersion = 17.8.34316.72
MinimumVisualStudioVersion = 10.0.40219.1
Project("{FAE04EC0-301F-11D3-BF4B-00C04F79EFBC}") = "Bannerlord.ModUpdater", "Bannerlord.ModUpdater\Bannerlord.ModUpdater.csproj", "{ACA08E31-83E0-4000-82D2-2A0659B8E9B2}"
EndProject
Global
	GlobalSection(SolutionConfigurationPlatforms) = preSolution
		Debug|Any CPU = Debug|Any CPU
		Release|Any CPU = Release|Any CPU
	EndGlobalSection
	GlobalSection(ProjectConfigurationPlatforms) = postSolution
		{ACA08E31-83E0-4000-82D2-2A0659B8E9B2}.Debug|Any CPU.ActiveCfg = Debug|Any CPU
		{ACA08E31-83E0-4000-82D2-2A0659B8E9B2}.Debug|Any CPU.Build.0 = Debug|Any CPU
		{ACA08E31-83E0-4000-82D2-2A0659B8E9B2}.Release|Any CPU.ActiveCfg = Release|Any CPU
		{ACA08E31-83E0-4000-82D2-2A0659B8E9B2}.Release|Any CPU.Build.0 = Release|Any CPU
	EndGlobalSection
	GlobalSection(SolutionProperties) = preSolution
		HideSolutionNode = FALSE
	EndGlobalSection
	GlobalSection(ExtensibilityGlobals) = postSolution
		SolutionGuid = {28E716BC-E644-4C4B-94FC-73B2EEDB52FC}
	EndGlobalSection
EndGlobal
